// !$*UTF8*$!
{
	archiveVersion = 1;
	classes = {
	};
	objectVersion = 46;
	objects = {

/* Begin PBXBuildFile section */
		119CBEBD1DFF088700169FD9 /* AppDelegate.swift in Sources */ = {isa = PBXBuildFile; fileRef = 119CBEBC1DFF088700169FD9 /* AppDelegate.swift */; };
		119CBEBF1DFF088700169FD9 /* ViewController.swift in Sources */ = {isa = PBXBuildFile; fileRef = 119CBEBE1DFF088700169FD9 /* ViewController.swift */; };
		119CBEC21DFF088700169FD9 /* Main.storyboard in Resources */ = {isa = PBXBuildFile; fileRef = 119CBEC01DFF088700169FD9 /* Main.storyboard */; };
		119CBEC41DFF088700169FD9 /* Assets.xcassets in Resources */ = {isa = PBXBuildFile; fileRef = 119CBEC31DFF088700169FD9 /* Assets.xcassets */; };
		119CBEC71DFF088700169FD9 /* LaunchScreen.storyboard in Resources */ = {isa = PBXBuildFile; fileRef = 119CBEC51DFF088700169FD9 /* LaunchScreen.storyboard */; };
		119CBED21DFF088700169FD9 /* TierOneAppTests.swift in Sources */ = {isa = PBXBuildFile; fileRef = 119CBED11DFF088700169FD9 /* TierOneAppTests.swift */; };
		119CBEDD1DFF088700169FD9 /* TierOneAppUITests.swift in Sources */ = {isa = PBXBuildFile; fileRef = 119CBEDC1DFF088700169FD9 /* TierOneAppUITests.swift */; };
/* End PBXBuildFile section */

/* Begin PBXContainerItemProxy section */
		119CBECE1DFF088700169FD9 /* PBXContainerItemProxy */ = {
			isa = PBXContainerItemProxy;
			containerPortal = 119CBEB11DFF088700169FD9 /* Project object */;
			proxyType = 1;
			remoteGlobalIDString = 119CBEB81DFF088700169FD9;
			remoteInfo = TierOneApp;
		};
		119CBED91DFF088700169FD9 /* PBXContainerItemProxy */ = {
			isa = PBXContainerItemProxy;
			containerPortal = 119CBEB11DFF088700169FD9 /* Project object */;
			proxyType = 1;
			remoteGlobalIDString = 119CBEB81DFF088700169FD9;
			remoteInfo = TierOneApp;
		};
/* End PBXContainerItemProxy section */

/* Begin PBXFileReference section */
		119CBEB91DFF088700169FD9 /* TierOneApp.app */ = {isa = PBXFileReference; explicitFileType = wrapper.application; includeInIndex = 0; path = TierOneApp.app; sourceTree = BUILT_PRODUCTS_DIR; };
		119CBEBC1DFF088700169FD9 /* AppDelegate.swift */ = {isa = PBXFileReference; lastKnownFileType = sourcecode.swift; path = AppDelegate.swift; sourceTree = "<group>"; };
		119CBEBE1DFF088700169FD9 /* ViewController.swift */ = {isa = PBXFileReference; lastKnownFileType = sourcecode.swift; path = ViewController.swift; sourceTree = "<group>"; };
		119CBEC11DFF088700169FD9 /* Base */ = {isa = PBXFileReference; lastKnownFileType = file.storyboard; name = Base; path = Base.lproj/Main.storyboard; sourceTree = "<group>"; };
		119CBEC31DFF088700169FD9 /* Assets.xcassets */ = {isa = PBXFileReference; lastKnownFileType = folder.assetcatalog; path = Assets.xcassets; sourceTree = "<group>"; };
		119CBEC61DFF088700169FD9 /* Base */ = {isa = PBXFileReference; lastKnownFileType = file.storyboard; name = Base; path = Base.lproj/LaunchScreen.storyboard; sourceTree = "<group>"; };
		119CBEC81DFF088700169FD9 /* Info.plist */ = {isa = PBXFileReference; lastKnownFileType = text.plist.xml; path = Info.plist; sourceTree = "<group>"; };
		119CBECD1DFF088700169FD9 /* TierOneAppTests.xctest */ = {isa = PBXFileReference; explicitFileType = wrapper.cfbundle; includeInIndex = 0; path = TierOneAppTests.xctest; sourceTree = BUILT_PRODUCTS_DIR; };
		119CBED11DFF088700169FD9 /* TierOneAppTests.swift */ = {isa = PBXFileReference; lastKnownFileType = sourcecode.swift; path = TierOneAppTests.swift; sourceTree = "<group>"; };
		119CBED31DFF088700169FD9 /* Info.plist */ = {isa = PBXFileReference; lastKnownFileType = text.plist.xml; path = Info.plist; sourceTree = "<group>"; };
		119CBED81DFF088700169FD9 /* TierOneAppUITests.xctest */ = {isa = PBXFileReference; explicitFileType = wrapper.cfbundle; includeInIndex = 0; path = TierOneAppUITests.xctest; sourceTree = BUILT_PRODUCTS_DIR; };
		119CBEDC1DFF088700169FD9 /* TierOneAppUITests.swift */ = {isa = PBXFileReference; lastKnownFileType = sourcecode.swift; path = TierOneAppUITests.swift; sourceTree = "<group>"; };
		119CBEDE1DFF088700169FD9 /* Info.plist */ = {isa = PBXFileReference; lastKnownFileType = text.plist.xml; path = Info.plist; sourceTree = "<group>"; };
/* End PBXFileReference section */

/* Begin PBXFrameworksBuildPhase section */
		119CBEB61DFF088700169FD9 /* Frameworks */ = {
			isa = PBXFrameworksBuildPhase;
			buildActionMask = 2147483647;
			files = (
			);
			runOnlyForDeploymentPostprocessing = 0;
		};
		119CBECA1DFF088700169FD9 /* Frameworks */ = {
			isa = PBXFrameworksBuildPhase;
			buildActionMask = 2147483647;
			files = (
			);
			runOnlyForDeploymentPostprocessing = 0;
		};
		119CBED51DFF088700169FD9 /* Frameworks */ = {
			isa = PBXFrameworksBuildPhase;
			buildActionMask = 2147483647;
			files = (
			);
			runOnlyForDeploymentPostprocessing = 0;
		};
/* End PBXFrameworksBuildPhase section */

/* Begin PBXGroup section */
		119CBEB01DFF088700169FD9 = {
			isa = PBXGroup;
			children = (
				119CBEBB1DFF088700169FD9 /* TierOneApp */,
				119CBED01DFF088700169FD9 /* TierOneAppTests */,
				119CBEDB1DFF088700169FD9 /* TierOneAppUITests */,
				119CBEBA1DFF088700169FD9 /* Products */,
			);
			sourceTree = "<group>";
		};
		119CBEBA1DFF088700169FD9 /* Products */ = {
			isa = PBXGroup;
			children = (
				119CBEB91DFF088700169FD9 /* TierOneApp.app */,
				119CBECD1DFF088700169FD9 /* TierOneAppTests.xctest */,
				119CBED81DFF088700169FD9 /* TierOneAppUITests.xctest */,
			);
			name = Products;
			sourceTree = "<group>";
		};
		119CBEBB1DFF088700169FD9 /* TierOneApp */ = {
			isa = PBXGroup;
			children = (
				119CBEBC1DFF088700169FD9 /* AppDelegate.swift */,
				119CBEBE1DFF088700169FD9 /* ViewController.swift */,
				119CBEC01DFF088700169FD9 /* Main.storyboard */,
				119CBEC31DFF088700169FD9 /* Assets.xcassets */,
				119CBEC51DFF088700169FD9 /* LaunchScreen.storyboard */,
				119CBEC81DFF088700169FD9 /* Info.plist */,
			);
			path = TierOneApp;
			sourceTree = "<group>";
		};
		119CBED01DFF088700169FD9 /* TierOneAppTests */ = {
			isa = PBXGroup;
			children = (
				119CBED11DFF088700169FD9 /* TierOneAppTests.swift */,
				119CBED31DFF088700169FD9 /* Info.plist */,
			);
			path = TierOneAppTests;
			sourceTree = "<group>";
		};
		119CBEDB1DFF088700169FD9 /* TierOneAppUITests */ = {
			isa = PBXGroup;
			children = (
				119CBEDC1DFF088700169FD9 /* TierOneAppUITests.swift */,
				119CBEDE1DFF088700169FD9 /* Info.plist */,
			);
			path = TierOneAppUITests;
			sourceTree = "<group>";
		};
/* End PBXGroup section */

/* Begin PBXNativeTarget section */
		119CBEB81DFF088700169FD9 /* TierOneApp */ = {
			isa = PBXNativeTarget;
			buildConfigurationList = 119CBEE11DFF088700169FD9 /* Build configuration list for PBXNativeTarget "TierOneApp" */;
			buildPhases = (
				119CBEB51DFF088700169FD9 /* Sources */,
				119CBEB61DFF088700169FD9 /* Frameworks */,
				119CBEB71DFF088700169FD9 /* Resources */,
			);
			buildRules = (
			);
			dependencies = (
			);
			name = TierOneApp;
			productName = TierOneApp;
			productReference = 119CBEB91DFF088700169FD9 /* TierOneApp.app */;
			productType = "com.apple.product-type.application";
		};
		119CBECC1DFF088700169FD9 /* TierOneAppTests */ = {
			isa = PBXNativeTarget;
			buildConfigurationList = 119CBEE41DFF088700169FD9 /* Build configuration list for PBXNativeTarget "TierOneAppTests" */;
			buildPhases = (
				119CBEC91DFF088700169FD9 /* Sources */,
				119CBECA1DFF088700169FD9 /* Frameworks */,
				119CBECB1DFF088700169FD9 /* Resources */,
			);
			buildRules = (
			);
			dependencies = (
				119CBECF1DFF088700169FD9 /* PBXTargetDependency */,
			);
			name = TierOneAppTests;
			productName = TierOneAppTests;
			productReference = 119CBECD1DFF088700169FD9 /* TierOneAppTests.xctest */;
			productType = "com.apple.product-type.bundle.unit-test";
		};
		119CBED71DFF088700169FD9 /* TierOneAppUITests */ = {
			isa = PBXNativeTarget;
			buildConfigurationList = 119CBEE71DFF088700169FD9 /* Build configuration list for PBXNativeTarget "TierOneAppUITests" */;
			buildPhases = (
				119CBED41DFF088700169FD9 /* Sources */,
				119CBED51DFF088700169FD9 /* Frameworks */,
				119CBED61DFF088700169FD9 /* Resources */,
			);
			buildRules = (
			);
			dependencies = (
				119CBEDA1DFF088700169FD9 /* PBXTargetDependency */,
			);
			name = TierOneAppUITests;
			productName = TierOneAppUITests;
			productReference = 119CBED81DFF088700169FD9 /* TierOneAppUITests.xctest */;
			productType = "com.apple.product-type.bundle.ui-testing";
		};
/* End PBXNativeTarget section */

/* Begin PBXProject section */
		119CBEB11DFF088700169FD9 /* Project object */ = {
			isa = PBXProject;
			attributes = {
				LastSwiftUpdateCheck = 0800;
				LastUpgradeCheck = 0800;
				ORGANIZATIONNAME = "CRESS, CONNER";
				TargetAttributes = {
					119CBEB81DFF088700169FD9 = {
						CreatedOnToolsVersion = 8.0;
						ProvisioningStyle = Automatic;
					};
					119CBECC1DFF088700169FD9 = {
						CreatedOnToolsVersion = 8.0;
						ProvisioningStyle = Automatic;
						TestTargetID = 119CBEB81DFF088700169FD9;
					};
					119CBED71DFF088700169FD9 = {
						CreatedOnToolsVersion = 8.0;
						ProvisioningStyle = Automatic;
						TestTargetID = 119CBEB81DFF088700169FD9;
					};
				};
			};
			buildConfigurationList = 119CBEB41DFF088700169FD9 /* Build configuration list for PBXProject "TierOneApp" */;
			compatibilityVersion = "Xcode 3.2";
			developmentRegion = English;
			hasScannedForEncodings = 0;
			knownRegions = (
				en,
				Base,
			);
			mainGroup = 119CBEB01DFF088700169FD9;
			productRefGroup = 119CBEBA1DFF088700169FD9 /* Products */;
			projectDirPath = "";
			projectRoot = "";
			targets = (
				119CBEB81DFF088700169FD9 /* TierOneApp */,
				119CBECC1DFF088700169FD9 /* TierOneAppTests */,
				119CBED71DFF088700169FD9 /* TierOneAppUITests */,
			);
		};
/* End PBXProject section */

/* Begin PBXResourcesBuildPhase section */
		119CBEB71DFF088700169FD9 /* Resources */ = {
			isa = PBXResourcesBuildPhase;
			buildActionMask = 2147483647;
			files = (
				119CBEC71DFF088700169FD9 /* LaunchScreen.storyboard in Resources */,
				119CBEC41DFF088700169FD9 /* Assets.xcassets in Resources */,
				119CBEC21DFF088700169FD9 /* Main.storyboard in Resources */,
			);
			runOnlyForDeploymentPostprocessing = 0;
		};
		119CBECB1DFF088700169FD9 /* Resources */ = {
			isa = PBXResourcesBuildPhase;
			buildActionMask = 2147483647;
			files = (
			);
			runOnlyForDeploymentPostprocessing = 0;
		};
		119CBED61DFF088700169FD9 /* Resources */ = {
			isa = PBXResourcesBuildPhase;
			buildActionMask = 2147483647;
			files = (
			);
			runOnlyForDeploymentPostprocessing = 0;
		};
/* End PBXResourcesBuildPhase section */

/* Begin PBXSourcesBuildPhase section */
		119CBEB51DFF088700169FD9 /* Sources */ = {
			isa = PBXSourcesBuildPhase;
			buildActionMask = 2147483647;
			files = (
				119CBEBF1DFF088700169FD9 /* ViewController.swift in Sources */,
				119CBEBD1DFF088700169FD9 /* AppDelegate.swift in Sources */,
			);
			runOnlyForDeploymentPostprocessing = 0;
		};
		119CBEC91DFF088700169FD9 /* Sources */ = {
			isa = PBXSourcesBuildPhase;
			buildActionMask = 2147483647;
			files = (
				119CBED21DFF088700169FD9 /* TierOneAppTests.swift in Sources */,
			);
			runOnlyForDeploymentPostprocessing = 0;
		};
		119CBED41DFF088700169FD9 /* Sources */ = {
			isa = PBXSourcesBuildPhase;
			buildActionMask = 2147483647;
			files = (
				119CBEDD1DFF088700169FD9 /* TierOneAppUITests.swift in Sources */,
			);
			runOnlyForDeploymentPostprocessing = 0;
		};
/* End PBXSourcesBuildPhase section */

/* Begin PBXTargetDependency section */
		119CBECF1DFF088700169FD9 /* PBXTargetDependency */ = {
			isa = PBXTargetDependency;
			target = 119CBEB81DFF088700169FD9 /* TierOneApp */;
			targetProxy = 119CBECE1DFF088700169FD9 /* PBXContainerItemProxy */;
		};
		119CBEDA1DFF088700169FD9 /* PBXTargetDependency */ = {
			isa = PBXTargetDependency;
			target = 119CBEB81DFF088700169FD9 /* TierOneApp */;
			targetProxy = 119CBED91DFF088700169FD9 /* PBXContainerItemProxy */;
		};
/* End PBXTargetDependency section */

/* Begin PBXVariantGroup section */
		119CBEC01DFF088700169FD9 /* Main.storyboard */ = {
			isa = PBXVariantGroup;
			children = (
				119CBEC11DFF088700169FD9 /* Base */,
			);
			name = Main.storyboard;
			sourceTree = "<group>";
		};
		119CBEC51DFF088700169FD9 /* LaunchScreen.storyboard */ = {
			isa = PBXVariantGroup;
			children = (
				119CBEC61DFF088700169FD9 /* Base */,
			);
			name = LaunchScreen.storyboard;
			sourceTree = "<group>";
		};
/* End PBXVariantGroup section */

/* Begin XCBuildConfiguration section */
		119CBEDF1DFF088700169FD9 /* Debug */ = {
			isa = XCBuildConfiguration;
			buildSettings = {
				ALWAYS_SEARCH_USER_PATHS = NO;
				CLANG_ANALYZER_NONNULL = YES;
				CLANG_CXX_LANGUAGE_STANDARD = "gnu++0x";
				CLANG_CXX_LIBRARY = "libc++";
				CLANG_ENABLE_MODULES = YES;
				CLANG_ENABLE_OBJC_ARC = YES;
				CLANG_WARN_BOOL_CONVERSION = YES;
				CLANG_WARN_CONSTANT_CONVERSION = YES;
				CLANG_WARN_DIRECT_OBJC_ISA_USAGE = YES_ERROR;
				CLANG_WARN_DOCUMENTATION_COMMENTS = YES;
				CLANG_WARN_EMPTY_BODY = YES;
				CLANG_WARN_ENUM_CONVERSION = YES;
				CLANG_WARN_INFINITE_RECURSION = YES;
				CLANG_WARN_INT_CONVERSION = YES;
				CLANG_WARN_OBJC_ROOT_CLASS = YES_ERROR;
				CLANG_WARN_SUSPICIOUS_MOVES = YES;
				CLANG_WARN_UNREACHABLE_CODE = YES;
				CLANG_WARN__DUPLICATE_METHOD_MATCH = YES;
				"CODE_SIGN_IDENTITY[sdk=iphoneos*]" = "iPhone Developer";
				COPY_PHASE_STRIP = NO;
				DEBUG_INFORMATION_FORMAT = dwarf;
				ENABLE_STRICT_OBJC_MSGSEND = YES;
				ENABLE_TESTABILITY = YES;
				GCC_C_LANGUAGE_STANDARD = gnu99;
				GCC_DYNAMIC_NO_PIC = NO;
				GCC_NO_COMMON_BLOCKS = YES;
				GCC_OPTIMIZATION_LEVEL = 0;
				GCC_PREPROCESSOR_DEFINITIONS = (
					"DEBUG=1",
					"$(inherited)",
				);
				GCC_WARN_64_TO_32_BIT_CONVERSION = YES;
				GCC_WARN_ABOUT_RETURN_TYPE = YES_ERROR;
				GCC_WARN_UNDECLARED_SELECTOR = YES;
				GCC_WARN_UNINITIALIZED_AUTOS = YES_AGGRESSIVE;
				GCC_WARN_UNUSED_FUNCTION = YES;
				GCC_WARN_UNUSED_VARIABLE = YES;
				IPHONEOS_DEPLOYMENT_TARGET = 10.0;
				MTL_ENABLE_DEBUG_INFO = YES;
				ONLY_ACTIVE_ARCH = YES;
				SDKROOT = iphoneos;
				SWIFT_ACTIVE_COMPILATION_CONDITIONS = DEBUG;
				SWIFT_OPTIMIZATION_LEVEL = "-Onone";
				TARGETED_DEVICE_FAMILY = "1,2";
			};
			name = Debug;
		};
		119CBEE01DFF088700169FD9 /* Release */ = {
			isa = XCBuildConfiguration;
			buildSettings = {
				ALWAYS_SEARCH_USER_PATHS = NO;
				CLANG_ANALYZER_NONNULL = YES;
				CLANG_CXX_LANGUAGE_STANDARD = "gnu++0x";
				CLANG_CXX_LIBRARY = "libc++";
				CLANG_ENABLE_MODULES = YES;
				CLANG_ENABLE_OBJC_ARC = YES;
				CLANG_WARN_BOOL_CONVERSION = YES;
				CLANG_WARN_CONSTANT_CONVERSION = YES;
				CLANG_WARN_DIRECT_OBJC_ISA_USAGE = YES_ERROR;
				CLANG_WARN_DOCUMENTATION_COMMENTS = YES;
				CLANG_WARN_EMPTY_BODY = YES;
				CLANG_WARN_ENUM_CONVERSION = YES;
				CLANG_WARN_INFINITE_RECURSION = YES;
				CLANG_WARN_INT_CONVERSION = YES;
				CLANG_WARN_OBJC_ROOT_CLASS = YES_ERROR;
				CLANG_WARN_SUSPICIOUS_MOVES = YES;
				CLANG_WARN_UNREACHABLE_CODE = YES;
				CLANG_WARN__DUPLICATE_METHOD_MATCH = YES;
				"CODE_SIGN_IDENTITY[sdk=iphoneos*]" = "iPhone Developer";
				COPY_PHASE_STRIP = NO;
				DEBUG_INFORMATION_FORMAT = "dwarf-with-dsym";
				ENABLE_NS_ASSERTIONS = NO;
				ENABLE_STRICT_OBJC_MSGSEND = YES;
				GCC_C_LANGUAGE_STANDARD = gnu99;
				GCC_NO_COMMON_BLOCKS = YES;
				GCC_WARN_64_TO_32_BIT_CONVERSION = YES;
				GCC_WARN_ABOUT_RETURN_TYPE = YES_ERROR;
				GCC_WARN_UNDECLARED_SELECTOR = YES;
				GCC_WARN_UNINITIALIZED_AUTOS = YES_AGGRESSIVE;
				GCC_WARN_UNUSED_FUNCTION = YES;
				GCC_WARN_UNUSED_VARIABLE = YES;
				IPHONEOS_DEPLOYMENT_TARGET = 10.0;
				MTL_ENABLE_DEBUG_INFO = NO;
				SDKROOT = iphoneos;
				SWIFT_OPTIMIZATION_LEVEL = "-Owholemodule";
				TARGETED_DEVICE_FAMILY = "1,2";
				VALIDATE_PRODUCT = YES;
			};
			name = Release;
		};
		119CBEE21DFF088700169FD9 /* Debug */ = {
			isa = XCBuildConfiguration;
			buildSettings = {
				ASSETCATALOG_COMPILER_APPICON_NAME = AppIcon;
				INFOPLIST_FILE = TierOneApp/Info.plist;
				LD_RUNPATH_SEARCH_PATHS = "$(inherited) @executable_path/Frameworks";
				PRODUCT_BUNDLE_IDENTIFIER = Crolman69.TierOneApp;
				PRODUCT_NAME = "$(TARGET_NAME)";
				SWIFT_VERSION = 3.0;
			};
			name = Debug;
		};
		119CBEE31DFF088700169FD9 /* Release */ = {
			isa = XCBuildConfiguration;
			buildSettings = {
				ASSETCATALOG_COMPILER_APPICON_NAME = AppIcon;
				INFOPLIST_FILE = TierOneApp/Info.plist;
				LD_RUNPATH_SEARCH_PATHS = "$(inherited) @executable_path/Frameworks";
				PRODUCT_BUNDLE_IDENTIFIER = Crolman69.TierOneApp;
				PRODUCT_NAME = "$(TARGET_NAME)";
				SWIFT_VERSION = 3.0;
			};
			name = Release;
		};
		119CBEE51DFF088700169FD9 /* Debug */ = {
			isa = XCBuildConfiguration;
			buildSettings = {
				ALWAYS_EMBED_SWIFT_STANDARD_LIBRARIES = YES;
				BUNDLE_LOADER = "$(TEST_HOST)";
				INFOPLIST_FILE = TierOneAppTests/Info.plist;
				LD_RUNPATH_SEARCH_PATHS = "$(inherited) @executable_path/Frameworks @loader_path/Frameworks";
				PRODUCT_BUNDLE_IDENTIFIER = Crolman69.TierOneAppTests;
				PRODUCT_NAME = "$(TARGET_NAME)";
				SWIFT_VERSION = 3.0;
				TEST_HOST = "$(BUILT_PRODUCTS_DIR)/TierOneApp.app/TierOneApp";
			};
			name = Debug;
		};
		119CBEE61DFF088700169FD9 /* Release */ = {
			isa = XCBuildConfiguration;
			buildSettings = {
				ALWAYS_EMBED_SWIFT_STANDARD_LIBRARIES = YES;
				BUNDLE_LOADER = "$(TEST_HOST)";
				INFOPLIST_FILE = TierOneAppTests/Info.plist;
				LD_RUNPATH_SEARCH_PATHS = "$(inherited) @executable_path/Frameworks @loader_path/Frameworks";
				PRODUCT_BUNDLE_IDENTIFIER = Crolman69.TierOneAppTests;
				PRODUCT_NAME = "$(TARGET_NAME)";
				SWIFT_VERSION = 3.0;
				TEST_HOST = "$(BUILT_PRODUCTS_DIR)/TierOneApp.app/TierOneApp";
			};
			name = Release;
		};
		119CBEE81DFF088700169FD9 /* Debug */ = {
			isa = XCBuildConfiguration;
			buildSettings = {
				ALWAYS_EMBED_SWIFT_STANDARD_LIBRARIES = YES;
				INFOPLIST_FILE = TierOneAppUITests/Info.plist;
				LD_RUNPATH_SEARCH_PATHS = "$(inherited) @executable_path/Frameworks @loader_path/Frameworks";
				PRODUCT_BUNDLE_IDENTIFIER = Crolman69.TierOneAppUITests;
				PRODUCT_NAME = "$(TARGET_NAME)";
				SWIFT_VERSION = 3.0;
				TEST_TARGET_NAME = TierOneApp;
			};
			name = Debug;
		};
		119CBEE91DFF088700169FD9 /* Release */ = {
			isa = XCBuildConfiguration;
			buildSettings = {
				ALWAYS_EMBED_SWIFT_STANDARD_LIBRARIES = YES;
				INFOPLIST_FILE = TierOneAppUITests/Info.plist;
				LD_RUNPATH_SEARCH_PATHS = "$(inherited) @executable_path/Frameworks @loader_path/Frameworks";
				PRODUCT_BUNDLE_IDENTIFIER = Crolman69.TierOneAppUITests;
				PRODUCT_NAME = "$(TARGET_NAME)";
				SWIFT_VERSION = 3.0;
				TEST_TARGET_NAME = TierOneApp;
			};
			name = Release;
		};
/* End XCBuildConfiguration section */

/* Begin XCConfigurationList section */
		119CBEB41DFF088700169FD9 /* Build configuration list for PBXProject "TierOneApp" */ = {
			isa = XCConfigurationList;
			buildConfigurations = (
				119CBEDF1DFF088700169FD9 /* Debug */,
				119CBEE01DFF088700169FD9 /* Release */,
			);
			defaultConfigurationIsVisible = 0;
			defaultConfigurationName = Release;
		};
		119CBEE11DFF088700169FD9 /* Build configuration list for PBXNativeTarget "TierOneApp" */ = {
			isa = XCConfigurationList;
			buildConfigurations = (
				119CBEE21DFF088700169FD9 /* Debug */,
				119CBEE31DFF088700169FD9 /* Release */,
			);
			defaultConfigurationIsVisible = 0;
		};
		119CBEE41DFF088700169FD9 /* Build configuration list for PBXNativeTarget "TierOneAppTests" */ = {
			isa = XCConfigurationList;
			buildConfigurations = (
				119CBEE51DFF088700169FD9 /* Debug */,
				119CBEE61DFF088700169FD9 /* Release */,
			);
			defaultConfigurationIsVisible = 0;
		};
		119CBEE71DFF088700169FD9 /* Build configuration list for PBXNativeTarget "TierOneAppUITests" */ = {
			isa = XCConfigurationList;
			buildConfigurations = (
				119CBEE81DFF088700169FD9 /* Debug */,
				119CBEE91DFF088700169FD9 /* Release */,
			);
			defaultConfigurationIsVisible = 0;
		};
/* End XCConfigurationList section */
	};
	rootObject = 119CBEB11DFF088700169FD9 /* Project object */;
}
