// !$*UTF8*$!
{
	archiveVersion = 1;
	classes = {
	};
	objectVersion = 46;
	objects = {

/* Begin PBXBuildFile section */
		1118116E1E82D1DB00937A6B /* Assets.xcassets in Resources */ = {isa = PBXBuildFile; fileRef = 111811581E82D1DB00937A6B /* Assets.xcassets */; };
		1118116F1E82D1DB00937A6B /* Main.storyboard in Resources */ = {isa = PBXBuildFile; fileRef = 111811591E82D1DB00937A6B /* Main.storyboard */; };
		111811701E82D1DB00937A6B /* AppDelegate.swift in Sources */ = {isa = PBXBuildFile; fileRef = 1118115A1E82D1DB00937A6B /* AppDelegate.swift */; };
		111811711E82D1DB00937A6B /* GlobalData.swift in Sources */ = {isa = PBXBuildFile; fileRef = 1118115B1E82D1DB00937A6B /* GlobalData.swift */; };
		111811721E82D1DB00937A6B /* Capital.swift in Sources */ = {isa = PBXBuildFile; fileRef = 1118115C1E82D1DB00937A6B /* Capital.swift */; };
		111811731E82D1DB00937A6B /* Capital1.swift in Sources */ = {isa = PBXBuildFile; fileRef = 1118115D1E82D1DB00937A6B /* Capital1.swift */; };
		111811741E82D1DB00937A6B /* Capital2.swift in Sources */ = {isa = PBXBuildFile; fileRef = 1118115E1E82D1DB00937A6B /* Capital2.swift */; };
		111811751E82D1DB00937A6B /* Home.swift in Sources */ = {isa = PBXBuildFile; fileRef = 1118115F1E82D1DB00937A6B /* Home.swift */; };
		111811761E82D1DB00937A6B /* LinoDirec1.swift in Sources */ = {isa = PBXBuildFile; fileRef = 111811601E82D1DB00937A6B /* LinoDirec1.swift */; };
		111811771E82D1DB00937A6B /* VadnaisDirec1.swift in Sources */ = {isa = PBXBuildFile; fileRef = 111811611E82D1DB00937A6B /* VadnaisDirec1.swift */; };
		111811781E82D1DB00937A6B /* WoodburyDirec1 (2).swift in Sources */ = {isa = PBXBuildFile; fileRef = 111811621E82D1DB00937A6B /* WoodburyDirec1 (2).swift */; };
		111811791E82D1DB00937A6B /* LinoBaseball.swift in Sources */ = {isa = PBXBuildFile; fileRef = 111811631E82D1DB00937A6B /* LinoBaseball.swift */; };
		1118117A1E82D1DB00937A6B /* VadnaisBaseball.swift in Sources */ = {isa = PBXBuildFile; fileRef = 111811641E82D1DB00937A6B /* VadnaisBaseball.swift */; };
		1118117B1E82D1DB00937A6B /* WoodburyBaseball.swift in Sources */ = {isa = PBXBuildFile; fileRef = 111811651E82D1DB00937A6B /* WoodburyBaseball.swift */; };
		1118117C1E82D1DB00937A6B /* LinoSoftball.swift in Sources */ = {isa = PBXBuildFile; fileRef = 111811661E82D1DB00937A6B /* LinoSoftball.swift */; };
		1118117D1E82D1DB00937A6B /* Events1.swift in Sources */ = {isa = PBXBuildFile; fileRef = 111811671E82D1DB00937A6B /* Events1.swift */; };
		1118117E1E82D1DB00937A6B /* SuccessStories1.swift in Sources */ = {isa = PBXBuildFile; fileRef = 111811681E82D1DB00937A6B /* SuccessStories1.swift */; };
		1118117F1E82D1DB00937A6B /* ContactUs1.swift in Sources */ = {isa = PBXBuildFile; fileRef = 111811691E82D1DB00937A6B /* ContactUs1.swift */; };
		111811801E82D1DB00937A6B /* Alumni1.swift in Sources */ = {isa = PBXBuildFile; fileRef = 1118116A1E82D1DB00937A6B /* Alumni1.swift */; };
		111811811E82D1DB00937A6B /* News1.swift in Sources */ = {isa = PBXBuildFile; fileRef = 1118116B1E82D1DB00937A6B /* News1.swift */; };
		111811821E82D1DB00937A6B /* AboutUs1.swift in Sources */ = {isa = PBXBuildFile; fileRef = 1118116C1E82D1DB00937A6B /* AboutUs1.swift */; };
		1118119E1E82D56600937A6B /* Info 10-40-22-668.plist in Resources */ = {isa = PBXBuildFile; fileRef = 1118119D1E82D56600937A6B /* Info 10-40-22-668.plist */; };
		119CBED21DFF088700169FD9 /* TierOneAppTests.swift in Sources */ = {isa = PBXBuildFile; fileRef = 119CBED11DFF088700169FD9 /* TierOneAppTests.swift */; };
		119CBEDD1DFF088700169FD9 /* TierOneAppUITests.swift in Sources */ = {isa = PBXBuildFile; fileRef = 119CBEDC1DFF088700169FD9 /* TierOneAppUITests.swift */; };
/* End PBXBuildFile section */

/* Begin PBXContainerItemProxy section */
		111811A91E82D68900937A6B /* PBXContainerItemProxy */ = {
			isa = PBXContainerItemProxy;
			containerPortal = 111811551E82D1DB00937A6B /* Tier 1 Performance Mobile.xcodeproj */;
			proxyType = 2;
			remoteGlobalIDString = 111811A11E82D68900937A6B;
			remoteInfo = "Tier 1 Performance Mobile";
		};
		111811AB1E82D68900937A6B /* PBXContainerItemProxy */ = {
			isa = PBXContainerItemProxy;
			containerPortal = 111811551E82D1DB00937A6B /* Tier 1 Performance Mobile.xcodeproj */;
			proxyType = 2;
			remoteGlobalIDString = 111811A21E82D68900937A6B;
			remoteInfo = "Tier 1 Performance MobileTests";
		};
		111811AD1E82D68900937A6B /* PBXContainerItemProxy */ = {
			isa = PBXContainerItemProxy;
			containerPortal = 111811551E82D1DB00937A6B /* Tier 1 Performance Mobile.xcodeproj */;
			proxyType = 2;
			remoteGlobalIDString = 111811A31E82D68900937A6B;
			remoteInfo = "Tier 1 Performance MobileUITests";
		};
		119CBECE1DFF088700169FD9 /* PBXContainerItemProxy */ = {
			isa = PBXContainerItemProxy;
			containerPortal = 119CBEB11DFF088700169FD9 /* Project object */;
			proxyType = 1;
			remoteGlobalIDString = 119CBEB81DFF088700169FD9;
			remoteInfo = TierOneApp;
		};
		119CBED91DFF088700169FD9 /* PBXContainerItemProxy */ = {
			isa = PBXContainerItemProxy;
			containerPortal = 119CBEB11DFF088700169FD9 /* Project object */;
			proxyType = 1;
			remoteGlobalIDString = 119CBEB81DFF088700169FD9;
			remoteInfo = TierOneApp;
		};
/* End PBXContainerItemProxy section */

/* Begin PBXFileReference section */
		111811551E82D1DB00937A6B /* Tier 1 Performance Mobile.xcodeproj */ = {isa = PBXFileReference; lastKnownFileType = "wrapper.pb-project"; name = "Tier 1 Performance Mobile.xcodeproj"; path = "../../Tier 1 Performance Mobile/Tier 1 Performance Mobile.xcodeproj"; sourceTree = "<group>"; };
		111811581E82D1DB00937A6B /* Assets.xcassets */ = {isa = PBXFileReference; lastKnownFileType = folder.assetcatalog; name = Assets.xcassets; path = "../../Tier 1 Performance Mobile/Tier 1 Performance Mobile/Assets.xcassets"; sourceTree = "<group>"; };
		111811591E82D1DB00937A6B /* Main.storyboard */ = {isa = PBXFileReference; fileEncoding = 4; lastKnownFileType = file.storyboard; name = Main.storyboard; path = ../../../Downloads/Main.storyboard; sourceTree = "<group>"; };
		1118115A1E82D1DB00937A6B /* AppDelegate.swift */ = {isa = PBXFileReference; fileEncoding = 4; lastKnownFileType = sourcecode.swift; name = AppDelegate.swift; path = "../../Tier 1 Performance Mobile/Tier 1 Performance Mobile/AppDelegate.swift"; sourceTree = "<group>"; };
		1118115B1E82D1DB00937A6B /* GlobalData.swift */ = {isa = PBXFileReference; fileEncoding = 4; lastKnownFileType = sourcecode.swift; name = GlobalData.swift; path = ../../../Downloads/t1app/GlobalData.swift; sourceTree = "<group>"; };
		1118115C1E82D1DB00937A6B /* Capital.swift */ = {isa = PBXFileReference; fileEncoding = 4; lastKnownFileType = sourcecode.swift; name = Capital.swift; path = ../../../Downloads/Capital.swift; sourceTree = "<group>"; };
		1118115D1E82D1DB00937A6B /* Capital1.swift */ = {isa = PBXFileReference; fileEncoding = 4; lastKnownFileType = sourcecode.swift; name = Capital1.swift; path = ../../../Downloads/t1app/Capital1.swift; sourceTree = "<group>"; };
		1118115E1E82D1DB00937A6B /* Capital2.swift */ = {isa = PBXFileReference; fileEncoding = 4; lastKnownFileType = sourcecode.swift; name = Capital2.swift; path = ../../../Downloads/t1app/Capital2.swift; sourceTree = "<group>"; };
		1118115F1E82D1DB00937A6B /* Home.swift */ = {isa = PBXFileReference; fileEncoding = 4; lastKnownFileType = sourcecode.swift; name = Home.swift; path = ../../../Downloads/t1app/Home.swift; sourceTree = "<group>"; };
		111811601E82D1DB00937A6B /* LinoDirec1.swift */ = {isa = PBXFileReference; fileEncoding = 4; lastKnownFileType = sourcecode.swift; name = LinoDirec1.swift; path = ../../../Downloads/t1app/LinoDirec1.swift; sourceTree = "<group>"; };
		111811611E82D1DB00937A6B /* VadnaisDirec1.swift */ = {isa = PBXFileReference; fileEncoding = 4; lastKnownFileType = sourcecode.swift; name = VadnaisDirec1.swift; path = ../../../Downloads/t1app/VadnaisDirec1.swift; sourceTree = "<group>"; };
		111811621E82D1DB00937A6B /* WoodburyDirec1 (2).swift */ = {isa = PBXFileReference; fileEncoding = 4; lastKnownFileType = sourcecode.swift; name = "WoodburyDirec1 (2).swift"; path = "../../../Downloads/WoodburyDirec1 (2).swift"; sourceTree = "<group>"; };
		111811631E82D1DB00937A6B /* LinoBaseball.swift */ = {isa = PBXFileReference; fileEncoding = 4; lastKnownFileType = sourcecode.swift; name = LinoBaseball.swift; path = ../../../Downloads/t1app/LinoBaseball.swift; sourceTree = "<group>"; };
		111811641E82D1DB00937A6B /* VadnaisBaseball.swift */ = {isa = PBXFileReference; fileEncoding = 4; lastKnownFileType = sourcecode.swift; name = VadnaisBaseball.swift; path = ../../../Downloads/t1app/VadnaisBaseball.swift; sourceTree = "<group>"; };
		111811651E82D1DB00937A6B /* WoodburyBaseball.swift */ = {isa = PBXFileReference; fileEncoding = 4; lastKnownFileType = sourcecode.swift; name = WoodburyBaseball.swift; path = ../../../Downloads/t1app/WoodburyBaseball.swift; sourceTree = "<group>"; };
		111811661E82D1DB00937A6B /* LinoSoftball.swift */ = {isa = PBXFileReference; fileEncoding = 4; lastKnownFileType = sourcecode.swift; name = LinoSoftball.swift; path = ../../../Downloads/t1app/LinoSoftball.swift; sourceTree = "<group>"; };
		111811671E82D1DB00937A6B /* Events1.swift */ = {isa = PBXFileReference; fileEncoding = 4; lastKnownFileType = sourcecode.swift; name = Events1.swift; path = ../../../Downloads/t1app/Events1.swift; sourceTree = "<group>"; };
		111811681E82D1DB00937A6B /* SuccessStories1.swift */ = {isa = PBXFileReference; fileEncoding = 4; lastKnownFileType = sourcecode.swift; name = SuccessStories1.swift; path = ../../../Downloads/t1app/SuccessStories1.swift; sourceTree = "<group>"; };
		111811691E82D1DB00937A6B /* ContactUs1.swift */ = {isa = PBXFileReference; fileEncoding = 4; lastKnownFileType = sourcecode.swift; name = ContactUs1.swift; path = ../../../Downloads/t1app/ContactUs1.swift; sourceTree = "<group>"; };
		1118116A1E82D1DB00937A6B /* Alumni1.swift */ = {isa = PBXFileReference; fileEncoding = 4; lastKnownFileType = sourcecode.swift; name = Alumni1.swift; path = ../../../Downloads/t1app/Alumni1.swift; sourceTree = "<group>"; };
		1118116B1E82D1DB00937A6B /* News1.swift */ = {isa = PBXFileReference; fileEncoding = 4; lastKnownFileType = sourcecode.swift; name = News1.swift; path = ../../../Downloads/t1app/News1.swift; sourceTree = "<group>"; };
		1118116C1E82D1DB00937A6B /* AboutUs1.swift */ = {isa = PBXFileReference; fileEncoding = 4; lastKnownFileType = sourcecode.swift; name = AboutUs1.swift; path = ../../../Downloads/t1app/AboutUs1.swift; sourceTree = "<group>"; };
		1118119D1E82D56600937A6B /* Info 10-40-22-668.plist */ = {isa = PBXFileReference; fileEncoding = 4; lastKnownFileType = text.plist.xml; name = "Info 10-40-22-668.plist"; path = "../../Info 10-40-22-668.plist"; sourceTree = "<group>"; };
		119CBEB91DFF088700169FD9 /* TierOneApp.app */ = {isa = PBXFileReference; explicitFileType = wrapper.application; includeInIndex = 0; path = TierOneApp.app; sourceTree = BUILT_PRODUCTS_DIR; };
		119CBECD1DFF088700169FD9 /* TierOneAppTests.xctest */ = {isa = PBXFileReference; explicitFileType = wrapper.cfbundle; includeInIndex = 0; path = TierOneAppTests.xctest; sourceTree = BUILT_PRODUCTS_DIR; };
		119CBED11DFF088700169FD9 /* TierOneAppTests.swift */ = {isa = PBXFileReference; lastKnownFileType = sourcecode.swift; path = TierOneAppTests.swift; sourceTree = "<group>"; };
		119CBED31DFF088700169FD9 /* Info.plist */ = {isa = PBXFileReference; lastKnownFileType = text.plist.xml; path = Info.plist; sourceTree = "<group>"; };
		119CBED81DFF088700169FD9 /* TierOneAppUITests.xctest */ = {isa = PBXFileReference; explicitFileType = wrapper.cfbundle; includeInIndex = 0; path = TierOneAppUITests.xctest; sourceTree = BUILT_PRODUCTS_DIR; };
		119CBEDC1DFF088700169FD9 /* TierOneAppUITests.swift */ = {isa = PBXFileReference; lastKnownFileType = sourcecode.swift; path = TierOneAppUITests.swift; sourceTree = "<group>"; };
		119CBEDE1DFF088700169FD9 /* Info.plist */ = {isa = PBXFileReference; lastKnownFileType = text.plist.xml; path = Info.plist; sourceTree = "<group>"; };
/* End PBXFileReference section */

/* Begin PBXFrameworksBuildPhase section */
		119CBEB61DFF088700169FD9 /* Frameworks */ = {
			isa = PBXFrameworksBuildPhase;
			buildActionMask = 2147483647;
			files = (
			);
			runOnlyForDeploymentPostprocessing = 0;
		};
		119CBECA1DFF088700169FD9 /* Frameworks */ = {
			isa = PBXFrameworksBuildPhase;
			buildActionMask = 2147483647;
			files = (
			);
			runOnlyForDeploymentPostprocessing = 0;
		};
		119CBED51DFF088700169FD9 /* Frameworks */ = {
			isa = PBXFrameworksBuildPhase;
			buildActionMask = 2147483647;
			files = (
			);
			runOnlyForDeploymentPostprocessing = 0;
		};
/* End PBXFrameworksBuildPhase section */

/* Begin PBXGroup section */
		111811A41E82D68900937A6B /* Products */ = {
			isa = PBXGroup;
			children = (
				111811AA1E82D68900937A6B /* Tier 1 Performance Mobile.app */,
				111811AC1E82D68900937A6B /* Tier 1 Performance MobileTests.xctest */,
				111811AE1E82D68900937A6B /* Tier 1 Performance MobileUITests.xctest */,
			);
			name = Products;
			sourceTree = "<group>";
		};
		119CBEB01DFF088700169FD9 = {
			isa = PBXGroup;
			children = (
				119CBEBB1DFF088700169FD9 /* TierOneApp */,
				119CBED01DFF088700169FD9 /* TierOneAppTests */,
				119CBEDB1DFF088700169FD9 /* TierOneAppUITests */,
				119CBEBA1DFF088700169FD9 /* Products */,
			);
			sourceTree = "<group>";
		};
		119CBEBA1DFF088700169FD9 /* Products */ = {
			isa = PBXGroup;
			children = (
				119CBEB91DFF088700169FD9 /* TierOneApp.app */,
				119CBECD1DFF088700169FD9 /* TierOneAppTests.xctest */,
				119CBED81DFF088700169FD9 /* TierOneAppUITests.xctest */,
			);
			name = Products;
			sourceTree = "<group>";
		};
		119CBEBB1DFF088700169FD9 /* TierOneApp */ = {
			isa = PBXGroup;
			children = (
				111811551E82D1DB00937A6B /* Tier 1 Performance Mobile.xcodeproj */,
				111811581E82D1DB00937A6B /* Assets.xcassets */,
				111811591E82D1DB00937A6B /* Main.storyboard */,
				1118115A1E82D1DB00937A6B /* AppDelegate.swift */,
				1118115B1E82D1DB00937A6B /* GlobalData.swift */,
				1118115C1E82D1DB00937A6B /* Capital.swift */,
				1118115D1E82D1DB00937A6B /* Capital1.swift */,
				1118115E1E82D1DB00937A6B /* Capital2.swift */,
				1118115F1E82D1DB00937A6B /* Home.swift */,
				111811601E82D1DB00937A6B /* LinoDirec1.swift */,
				111811611E82D1DB00937A6B /* VadnaisDirec1.swift */,
				111811621E82D1DB00937A6B /* WoodburyDirec1 (2).swift */,
				111811631E82D1DB00937A6B /* LinoBaseball.swift */,
				111811641E82D1DB00937A6B /* VadnaisBaseball.swift */,
				111811651E82D1DB00937A6B /* WoodburyBaseball.swift */,
				111811661E82D1DB00937A6B /* LinoSoftball.swift */,
				111811671E82D1DB00937A6B /* Events1.swift */,
				111811681E82D1DB00937A6B /* SuccessStories1.swift */,
				111811691E82D1DB00937A6B /* ContactUs1.swift */,
				1118116A1E82D1DB00937A6B /* Alumni1.swift */,
				1118116B1E82D1DB00937A6B /* News1.swift */,
				1118116C1E82D1DB00937A6B /* AboutUs1.swift */,
				1118119D1E82D56600937A6B /* Info 10-40-22-668.plist */,
			);
			path = TierOneApp;
			sourceTree = "<group>";
		};
		119CBED01DFF088700169FD9 /* TierOneAppTests */ = {
			isa = PBXGroup;
			children = (
				119CBED11DFF088700169FD9 /* TierOneAppTests.swift */,
				119CBED31DFF088700169FD9 /* Info.plist */,
			);
			path = TierOneAppTests;
			sourceTree = "<group>";
		};
		119CBEDB1DFF088700169FD9 /* TierOneAppUITests */ = {
			isa = PBXGroup;
			children = (
				119CBEDC1DFF088700169FD9 /* TierOneAppUITests.swift */,
				119CBEDE1DFF088700169FD9 /* Info.plist */,
			);
			path = TierOneAppUITests;
			sourceTree = "<group>";
		};
/* End PBXGroup section */

/* Begin PBXNativeTarget section */
		119CBEB81DFF088700169FD9 /* TierOneApp */ = {
			isa = PBXNativeTarget;
			buildConfigurationList = 119CBEE11DFF088700169FD9 /* Build configuration list for PBXNativeTarget "TierOneApp" */;
			buildPhases = (
				119CBEB51DFF088700169FD9 /* Sources */,
				119CBEB61DFF088700169FD9 /* Frameworks */,
				119CBEB71DFF088700169FD9 /* Resources */,
			);
			buildRules = (
			);
			dependencies = (
			);
			name = TierOneApp;
			productName = TierOneApp;
			productReference = 119CBEB91DFF088700169FD9 /* TierOneApp.app */;
			productType = "com.apple.product-type.application";
		};
		119CBECC1DFF088700169FD9 /* TierOneAppTests */ = {
			isa = PBXNativeTarget;
			buildConfigurationList = 119CBEE41DFF088700169FD9 /* Build configuration list for PBXNativeTarget "TierOneAppTests" */;
			buildPhases = (
				119CBEC91DFF088700169FD9 /* Sources */,
				119CBECA1DFF088700169FD9 /* Frameworks */,
				119CBECB1DFF088700169FD9 /* Resources */,
			);
			buildRules = (
			);
			dependencies = (
				119CBECF1DFF088700169FD9 /* PBXTargetDependency */,
			);
			name = TierOneAppTests;
			productName = TierOneAppTests;
			productReference = 119CBECD1DFF088700169FD9 /* TierOneAppTests.xctest */;
			productType = "com.apple.product-type.bundle.unit-test";
		};
		119CBED71DFF088700169FD9 /* TierOneAppUITests */ = {
			isa = PBXNativeTarget;
			buildConfigurationList = 119CBEE71DFF088700169FD9 /* Build configuration list for PBXNativeTarget "TierOneAppUITests" */;
			buildPhases = (
				119CBED41DFF088700169FD9 /* Sources */,
				119CBED51DFF088700169FD9 /* Frameworks */,
				119CBED61DFF088700169FD9 /* Resources */,
			);
			buildRules = (
			);
			dependencies = (
				119CBEDA1DFF088700169FD9 /* PBXTargetDependency */,
			);
			name = TierOneAppUITests;
			productName = TierOneAppUITests;
			productReference = 119CBED81DFF088700169FD9 /* TierOneAppUITests.xctest */;
			productType = "com.apple.product-type.bundle.ui-testing";
		};
/* End PBXNativeTarget section */

/* Begin PBXProject section */
		119CBEB11DFF088700169FD9 /* Project object */ = {
			isa = PBXProject;
			attributes = {
				LastSwiftUpdateCheck = 0800;
				LastUpgradeCheck = 0800;
				ORGANIZATIONNAME = "CRESS, CONNER";
				TargetAttributes = {
					119CBEB81DFF088700169FD9 = {
						CreatedOnToolsVersion = 8.0;
						DevelopmentTeam = 86ZS98XJU5;
						ProvisioningStyle = Automatic;
					};
					119CBECC1DFF088700169FD9 = {
						CreatedOnToolsVersion = 8.0;
						ProvisioningStyle = Automatic;
						TestTargetID = 119CBEB81DFF088700169FD9;
					};
					119CBED71DFF088700169FD9 = {
						CreatedOnToolsVersion = 8.0;
						ProvisioningStyle = Automatic;
						TestTargetID = 119CBEB81DFF088700169FD9;
					};
				};
			};
			buildConfigurationList = 119CBEB41DFF088700169FD9 /* Build configuration list for PBXProject "TierOneApp" */;
			compatibilityVersion = "Xcode 3.2";
			developmentRegion = English;
			hasScannedForEncodings = 0;
			knownRegions = (
				en,
				Base,
			);
			mainGroup = 119CBEB01DFF088700169FD9;
			productRefGroup = 119CBEBA1DFF088700169FD9 /* Products */;
			projectDirPath = "";
			projectReferences = (
				{
					ProductGroup = 111811A41E82D68900937A6B /* Products */;
					ProjectRef = 111811551E82D1DB00937A6B /* Tier 1 Performance Mobile.xcodeproj */;
				},
			);
			projectRoot = "";
			targets = (
				119CBEB81DFF088700169FD9 /* TierOneApp */,
				119CBECC1DFF088700169FD9 /* TierOneAppTests */,
				119CBED71DFF088700169FD9 /* TierOneAppUITests */,
			);
		};
/* End PBXProject section */

/* Begin PBXReferenceProxy section */
		111811AA1E82D68900937A6B /* Tier 1 Performance Mobile.app */ = {
			isa = PBXReferenceProxy;
			fileType = wrapper.application;
			path = "Tier 1 Performance Mobile.app";
			remoteRef = 111811A91E82D68900937A6B /* PBXContainerItemProxy */;
			sourceTree = BUILT_PRODUCTS_DIR;
		};
		111811AC1E82D68900937A6B /* Tier 1 Performance MobileTests.xctest */ = {
			isa = PBXReferenceProxy;
			fileType = wrapper.cfbundle;
			path = "Tier 1 Performance MobileTests.xctest";
			remoteRef = 111811AB1E82D68900937A6B /* PBXContainerItemProxy */;
			sourceTree = BUILT_PRODUCTS_DIR;
		};
		111811AE1E82D68900937A6B /* Tier 1 Performance MobileUITests.xctest */ = {
			isa = PBXReferenceProxy;
			fileType = wrapper.cfbundle;
			path = "Tier 1 Performance MobileUITests.xctest";
			remoteRef = 111811AD1E82D68900937A6B /* PBXContainerItemProxy */;
			sourceTree = BUILT_PRODUCTS_DIR;
		};
/* End PBXReferenceProxy section */

/* Begin PBXResourcesBuildPhase section */
		119CBEB71DFF088700169FD9 /* Resources */ = {
			isa = PBXResourcesBuildPhase;
			buildActionMask = 2147483647;
			files = (
				1118116F1E82D1DB00937A6B /* Main.storyboard in Resources */,
				1118119E1E82D56600937A6B /* Info 10-40-22-668.plist in Resources */,
				1118116E1E82D1DB00937A6B /* Assets.xcassets in Resources */,
			);
			runOnlyForDeploymentPostprocessing = 0;
		};
		119CBECB1DFF088700169FD9 /* Resources */ = {
			isa = PBXResourcesBuildPhase;
			buildActionMask = 2147483647;
			files = (
			);
			runOnlyForDeploymentPostprocessing = 0;
		};
		119CBED61DFF088700169FD9 /* Resources */ = {
			isa = PBXResourcesBuildPhase;
			buildActionMask = 2147483647;
			files = (
			);
			runOnlyForDeploymentPostprocessing = 0;
		};
/* End PBXResourcesBuildPhase section */

/* Begin PBXSourcesBuildPhase section */
		119CBEB51DFF088700169FD9 /* Sources */ = {
			isa = PBXSourcesBuildPhase;
			buildActionMask = 2147483647;
			files = (
				1118117A1E82D1DB00937A6B /* VadnaisBaseball.swift in Sources */,
				1118117E1E82D1DB00937A6B /* SuccessStories1.swift in Sources */,
				1118117F1E82D1DB00937A6B /* ContactUs1.swift in Sources */,
				111811781E82D1DB00937A6B /* WoodburyDirec1 (2).swift in Sources */,
				1118117B1E82D1DB00937A6B /* WoodburyBaseball.swift in Sources */,
				1118117D1E82D1DB00937A6B /* Events1.swift in Sources */,
				1118117C1E82D1DB00937A6B /* LinoSoftball.swift in Sources */,
				111811791E82D1DB00937A6B /* LinoBaseball.swift in Sources */,
				111811711E82D1DB00937A6B /* GlobalData.swift in Sources */,
				111811721E82D1DB00937A6B /* Capital.swift in Sources */,
				111811731E82D1DB00937A6B /* Capital1.swift in Sources */,
				111811701E82D1DB00937A6B /* AppDelegate.swift in Sources */,
				111811751E82D1DB00937A6B /* Home.swift in Sources */,
				111811741E82D1DB00937A6B /* Capital2.swift in Sources */,
				111811811E82D1DB00937A6B /* News1.swift in Sources */,
				111811761E82D1DB00937A6B /* LinoDirec1.swift in Sources */,
				111811771E82D1DB00937A6B /* VadnaisDirec1.swift in Sources */,
				111811821E82D1DB00937A6B /* AboutUs1.swift in Sources */,
				111811801E82D1DB00937A6B /* Alumni1.swift in Sources */,
			);
			runOnlyForDeploymentPostprocessing = 0;
		};
		119CBEC91DFF088700169FD9 /* Sources */ = {
			isa = PBXSourcesBuildPhase;
			buildActionMask = 2147483647;
			files = (
				119CBED21DFF088700169FD9 /* TierOneAppTests.swift in Sources */,
			);
			runOnlyForDeploymentPostprocessing = 0;
		};
		119CBED41DFF088700169FD9 /* Sources */ = {
			isa = PBXSourcesBuildPhase;
			buildActionMask = 2147483647;
			files = (
				119CBEDD1DFF088700169FD9 /* TierOneAppUITests.swift in Sources */,
			);
			runOnlyForDeploymentPostprocessing = 0;
		};
/* End PBXSourcesBuildPhase section */

/* Begin PBXTargetDependency section */
		119CBECF1DFF088700169FD9 /* PBXTargetDependency */ = {
			isa = PBXTargetDependency;
			target = 119CBEB81DFF088700169FD9 /* TierOneApp */;
			targetProxy = 119CBECE1DFF088700169FD9 /* PBXContainerItemProxy */;
		};
		119CBEDA1DFF088700169FD9 /* PBXTargetDependency */ = {
			isa = PBXTargetDependency;
			target = 119CBEB81DFF088700169FD9 /* TierOneApp */;
			targetProxy = 119CBED91DFF088700169FD9 /* PBXContainerItemProxy */;
		};
/* End PBXTargetDependency section */

/* Begin XCBuildConfiguration section */
		119CBEDF1DFF088700169FD9 /* Debug */ = {
			isa = XCBuildConfiguration;
			buildSettings = {
				ALWAYS_SEARCH_USER_PATHS = NO;
				CLANG_ANALYZER_NONNULL = YES;
				CLANG_CXX_LANGUAGE_STANDARD = "gnu++0x";
				CLANG_CXX_LIBRARY = "libc++";
				CLANG_ENABLE_MODULES = YES;
				CLANG_ENABLE_OBJC_ARC = YES;
				CLANG_WARN_BOOL_CONVERSION = YES;
				CLANG_WARN_CONSTANT_CONVERSION = YES;
				CLANG_WARN_DIRECT_OBJC_ISA_USAGE = YES_ERROR;
				CLANG_WARN_DOCUMENTATION_COMMENTS = YES;
				CLANG_WARN_EMPTY_BODY = YES;
				CLANG_WARN_ENUM_CONVERSION = YES;
				CLANG_WARN_INFINITE_RECURSION = YES;
				CLANG_WARN_INT_CONVERSION = YES;
				CLANG_WARN_OBJC_ROOT_CLASS = YES_ERROR;
				CLANG_WARN_SUSPICIOUS_MOVES = YES;
				CLANG_WARN_UNREACHABLE_CODE = YES;
				CLANG_WARN__DUPLICATE_METHOD_MATCH = YES;
				"CODE_SIGN_IDENTITY[sdk=iphoneos*]" = "iPhone Developer";
				COPY_PHASE_STRIP = NO;
				DEBUG_INFORMATION_FORMAT = dwarf;
				ENABLE_STRICT_OBJC_MSGSEND = YES;
				ENABLE_TESTABILITY = YES;
				GCC_C_LANGUAGE_STANDARD = gnu99;
				GCC_DYNAMIC_NO_PIC = NO;
				GCC_NO_COMMON_BLOCKS = YES;
				GCC_OPTIMIZATION_LEVEL = 0;
				GCC_PREPROCESSOR_DEFINITIONS = (
					"DEBUG=1",
					"$(inherited)",
				);
				GCC_WARN_64_TO_32_BIT_CONVERSION = YES;
				GCC_WARN_ABOUT_RETURN_TYPE = YES_ERROR;
				GCC_WARN_UNDECLARED_SELECTOR = YES;
				GCC_WARN_UNINITIALIZED_AUTOS = YES_AGGRESSIVE;
				GCC_WARN_UNUSED_FUNCTION = YES;
				GCC_WARN_UNUSED_VARIABLE = YES;
				IPHONEOS_DEPLOYMENT_TARGET = 10.0;
				MTL_ENABLE_DEBUG_INFO = YES;
				ONLY_ACTIVE_ARCH = YES;
				SDKROOT = iphoneos;
				SWIFT_ACTIVE_COMPILATION_CONDITIONS = DEBUG;
				SWIFT_OPTIMIZATION_LEVEL = "-Onone";
				TARGETED_DEVICE_FAMILY = "1,2";
			};
			name = Debug;
		};
		119CBEE01DFF088700169FD9 /* Release */ = {
			isa = XCBuildConfiguration;
			buildSettings = {
				ALWAYS_SEARCH_USER_PATHS = NO;
				CLANG_ANALYZER_NONNULL = YES;
				CLANG_CXX_LANGUAGE_STANDARD = "gnu++0x";
				CLANG_CXX_LIBRARY = "libc++";
				CLANG_ENABLE_MODULES = YES;
				CLANG_ENABLE_OBJC_ARC = YES;
				CLANG_WARN_BOOL_CONVERSION = YES;
				CLANG_WARN_CONSTANT_CONVERSION = YES;
				CLANG_WARN_DIRECT_OBJC_ISA_USAGE = YES_ERROR;
				CLANG_WARN_DOCUMENTATION_COMMENTS = YES;
				CLANG_WARN_EMPTY_BODY = YES;
				CLANG_WARN_ENUM_CONVERSION = YES;
				CLANG_WARN_INFINITE_RECURSION = YES;
				CLANG_WARN_INT_CONVERSION = YES;
				CLANG_WARN_OBJC_ROOT_CLASS = YES_ERROR;
				CLANG_WARN_SUSPICIOUS_MOVES = YES;
				CLANG_WARN_UNREACHABLE_CODE = YES;
				CLANG_WARN__DUPLICATE_METHOD_MATCH = YES;
				"CODE_SIGN_IDENTITY[sdk=iphoneos*]" = "iPhone Developer";
				COPY_PHASE_STRIP = NO;
				DEBUG_INFORMATION_FORMAT = "dwarf-with-dsym";
				ENABLE_NS_ASSERTIONS = NO;
				ENABLE_STRICT_OBJC_MSGSEND = YES;
				GCC_C_LANGUAGE_STANDARD = gnu99;
				GCC_NO_COMMON_BLOCKS = YES;
				GCC_WARN_64_TO_32_BIT_CONVERSION = YES;
				GCC_WARN_ABOUT_RETURN_TYPE = YES_ERROR;
				GCC_WARN_UNDECLARED_SELECTOR = YES;
				GCC_WARN_UNINITIALIZED_AUTOS = YES_AGGRESSIVE;
				GCC_WARN_UNUSED_FUNCTION = YES;
				GCC_WARN_UNUSED_VARIABLE = YES;
				IPHONEOS_DEPLOYMENT_TARGET = 10.0;
				MTL_ENABLE_DEBUG_INFO = NO;
				SDKROOT = iphoneos;
				SWIFT_OPTIMIZATION_LEVEL = "-Owholemodule";
				TARGETED_DEVICE_FAMILY = "1,2";
				VALIDATE_PRODUCT = YES;
			};
			name = Release;
		};
		119CBEE21DFF088700169FD9 /* Debug */ = {
			isa = XCBuildConfiguration;
			buildSettings = {
				ASSETCATALOG_COMPILER_APPICON_NAME = AppIcon;
				DEVELOPMENT_TEAM = 86ZS98XJU5;
				INFOPLIST_FILE = TierOneApp/Info.plist;
				LD_RUNPATH_SEARCH_PATHS = "$(inherited) @executable_path/Frameworks";
				PRODUCT_BUNDLE_IDENTIFIER = Crolman69.TierOneApp;
				PRODUCT_NAME = "$(TARGET_NAME)";
				SWIFT_VERSION = 3.0;
			};
			name = Debug;
		};
		119CBEE31DFF088700169FD9 /* Release */ = {
			isa = XCBuildConfiguration;
			buildSettings = {
				ASSETCATALOG_COMPILER_APPICON_NAME = AppIcon;
				DEVELOPMENT_TEAM = 86ZS98XJU5;
				INFOPLIST_FILE = TierOneApp/Info.plist;
				LD_RUNPATH_SEARCH_PATHS = "$(inherited) @executable_path/Frameworks";
				PRODUCT_BUNDLE_IDENTIFIER = Crolman69.TierOneApp;
				PRODUCT_NAME = "$(TARGET_NAME)";
				SWIFT_VERSION = 3.0;
			};
			name = Release;
		};
		119CBEE51DFF088700169FD9 /* Debug */ = {
			isa = XCBuildConfiguration;
			buildSettings = {
				ALWAYS_EMBED_SWIFT_STANDARD_LIBRARIES = YES;
				BUNDLE_LOADER = "$(TEST_HOST)";
				INFOPLIST_FILE = TierOneAppTests/Info.plist;
				LD_RUNPATH_SEARCH_PATHS = "$(inherited) @executable_path/Frameworks @loader_path/Frameworks";
				PRODUCT_BUNDLE_IDENTIFIER = Crolman69.TierOneAppTests;
				PRODUCT_NAME = "$(TARGET_NAME)";
				SWIFT_VERSION = 3.0;
				TEST_HOST = "$(BUILT_PRODUCTS_DIR)/TierOneApp.app/TierOneApp";
			};
			name = Debug;
		};
		119CBEE61DFF088700169FD9 /* Release */ = {
			isa = XCBuildConfiguration;
			buildSettings = {
				ALWAYS_EMBED_SWIFT_STANDARD_LIBRARIES = YES;
				BUNDLE_LOADER = "$(TEST_HOST)";
				INFOPLIST_FILE = TierOneAppTests/Info.plist;
				LD_RUNPATH_SEARCH_PATHS = "$(inherited) @executable_path/Frameworks @loader_path/Frameworks";
				PRODUCT_BUNDLE_IDENTIFIER = Crolman69.TierOneAppTests;
				PRODUCT_NAME = "$(TARGET_NAME)";
				SWIFT_VERSION = 3.0;
				TEST_HOST = "$(BUILT_PRODUCTS_DIR)/TierOneApp.app/TierOneApp";
			};
			name = Release;
		};
		119CBEE81DFF088700169FD9 /* Debug */ = {
			isa = XCBuildConfiguration;
			buildSettings = {
				ALWAYS_EMBED_SWIFT_STANDARD_LIBRARIES = YES;
				INFOPLIST_FILE = TierOneAppUITests/Info.plist;
				LD_RUNPATH_SEARCH_PATHS = "$(inherited) @executable_path/Frameworks @loader_path/Frameworks";
				PRODUCT_BUNDLE_IDENTIFIER = Crolman69.TierOneAppUITests;
				PRODUCT_NAME = "$(TARGET_NAME)";
				SWIFT_VERSION = 3.0;
				TEST_TARGET_NAME = TierOneApp;
			};
			name = Debug;
		};
		119CBEE91DFF088700169FD9 /* Release */ = {
			isa = XCBuildConfiguration;
			buildSettings = {
				ALWAYS_EMBED_SWIFT_STANDARD_LIBRARIES = YES;
				INFOPLIST_FILE = TierOneAppUITests/Info.plist;
				LD_RUNPATH_SEARCH_PATHS = "$(inherited) @executable_path/Frameworks @loader_path/Frameworks";
				PRODUCT_BUNDLE_IDENTIFIER = Crolman69.TierOneAppUITests;
				PRODUCT_NAME = "$(TARGET_NAME)";
				SWIFT_VERSION = 3.0;
				TEST_TARGET_NAME = TierOneApp;
			};
			name = Release;
		};
/* End XCBuildConfiguration section */

/* Begin XCConfigurationList section */
		119CBEB41DFF088700169FD9 /* Build configuration list for PBXProject "TierOneApp" */ = {
			isa = XCConfigurationList;
			buildConfigurations = (
				119CBEDF1DFF088700169FD9 /* Debug */,
				119CBEE01DFF088700169FD9 /* Release */,
			);
			defaultConfigurationIsVisible = 0;
			defaultConfigurationName = Release;
		};
		119CBEE11DFF088700169FD9 /* Build configuration list for PBXNativeTarget "TierOneApp" */ = {
			isa = XCConfigurationList;
			buildConfigurations = (
				119CBEE21DFF088700169FD9 /* Debug */,
				119CBEE31DFF088700169FD9 /* Release */,
			);
			defaultConfigurationIsVisible = 0;
			defaultConfigurationName = Release;
		};
		119CBEE41DFF088700169FD9 /* Build configuration list for PBXNativeTarget "TierOneAppTests" */ = {
			isa = XCConfigurationList;
			buildConfigurations = (
				119CBEE51DFF088700169FD9 /* Debug */,
				119CBEE61DFF088700169FD9 /* Release */,
			);
			defaultConfigurationIsVisible = 0;
			defaultConfigurationName = Release;
		};
		119CBEE71DFF088700169FD9 /* Build configuration list for PBXNativeTarget "TierOneAppUITests" */ = {
			isa = XCConfigurationList;
			buildConfigurations = (
				119CBEE81DFF088700169FD9 /* Debug */,
				119CBEE91DFF088700169FD9 /* Release */,
			);
			defaultConfigurationIsVisible = 0;
			defaultConfigurationName = Release;
		};
/* End XCConfigurationList section */
	};
	rootObject = 119CBEB11DFF088700169FD9 /* Project object */;
}
